
Microsoft Visual Studio Solution File, Format Version 12.00
# Visual Studio Version 17
VisualStudioVersion = 17.4.33213.308
MinimumVisualStudioVersion = 10.0.40219.1
Project("{FAE04EC0-301F-11D3-BF4B-00C04F79EFBC}") = "Builder", "Builder\Builder.csproj", "{CF050E44-2C94-48A7-B684-7CC4497A8406}"
EndProject
Global
	GlobalSection(SolutionConfigurationPlatforms) = preSolution
		Debug|Any CPU = Debug|Any CPU
		Release|Any CPU = Release|Any CPU
	EndGlobalSection
	GlobalSection(ProjectConfigurationPlatforms) = postSolution
		{CF050E44-2C94-48A7-B684-7CC4497A8406}.Debug|Any CPU.ActiveCfg = Debug|Any CPU
		{CF050E44-2C94-48A7-B684-7CC4497A8406}.Debug|Any CPU.Build.0 = Debug|Any CPU
		{CF050E44-2C94-48A7-B684-7CC4497A8406}.Release|Any CPU.ActiveCfg = Release|Any CPU
		{CF050E44-2C94-48A7-B684-7CC4497A8406}.Release|Any CPU.Build.0 = Release|Any CPU
	EndGlobalSection
	GlobalSection(SolutionProperties) = preSolution
		HideSolutionNode = FALSE
	EndGlobalSection
	GlobalSection(ExtensibilityGlobals) = postSolution
		SolutionGuid = {D9FCF6A5-D05C-46B0-91F4-41B86803664C}
	EndGlobalSection
EndGlobal
